// !$*UTF8*$!
{
	archiveVersion = 1;
	classes = {
	};
	objectVersion = 56;
	objects = {

/* Begin PBXBuildFile section */
		EA203D2F2B763CBC00C077B4 /* AppDelegate.swift in Sources */ = {isa = PBXBuildFile; fileRef = EA203D2E2B763CBC00C077B4 /* AppDelegate.swift */; };
		EA203D312B763CBC00C077B4 /* SceneDelegate.swift in Sources */ = {isa = PBXBuildFile; fileRef = EA203D302B763CBC00C077B4 /* SceneDelegate.swift */; };
		EA203D332B763CBC00C077B4 /* ViewController.swift in Sources */ = {isa = PBXBuildFile; fileRef = EA203D322B763CBC00C077B4 /* ViewController.swift */; };
		EA203D362B763CBC00C077B4 /* Main.storyboard in Resources */ = {isa = PBXBuildFile; fileRef = EA203D342B763CBC00C077B4 /* Main.storyboard */; };
		EA203D382B763CBE00C077B4 /* Assets.xcassets in Resources */ = {isa = PBXBuildFile; fileRef = EA203D372B763CBE00C077B4 /* Assets.xcassets */; };
		EA203D3B2B763CBE00C077B4 /* LaunchScreen.storyboard in Resources */ = {isa = PBXBuildFile; fileRef = EA203D392B763CBE00C077B4 /* LaunchScreen.storyboard */; };
		EA62E5D32B7828F7004AA4F1 /* NetworkRequest.swift in Sources */ = {isa = PBXBuildFile; fileRef = EA62E5D22B7828F7004AA4F1 /* NetworkRequest.swift */; };
		EA62E5D52B782D32004AA4F1 /* PostStruct.swift in Sources */ = {isa = PBXBuildFile; fileRef = EA62E5D42B782D32004AA4F1 /* PostStruct.swift */; };
		EA63249B2B8D1B0500413AE4 /* CurentPostDelegat.swift in Sources */ = {isa = PBXBuildFile; fileRef = EA63249A2B8D1B0500413AE4 /* CurentPostDelegat.swift */; };
		EA66D3942B84A32F00BA02F6 /* PostDetailsViewController.swift in Sources */ = {isa = PBXBuildFile; fileRef = EA66D3932B84A32F00BA02F6 /* PostDetailsViewController.swift */; };
		EA97D2AC2B8A8C2C007D2B3F /* PostManager.swift in Sources */ = {isa = PBXBuildFile; fileRef = EA97D2AB2B8A8C2C007D2B3F /* PostManager.swift */; };
		EA99275C2BC7D801000211A9 /* Network.swift in Sources */ = {isa = PBXBuildFile; fileRef = EA99275B2BC7D801000211A9 /* Network.swift */; };
		EAB7914A2B78EC1A00A5CE15 /* APIStruct.swift in Sources */ = {isa = PBXBuildFile; fileRef = EAB791492B78EC1A00A5CE15 /* APIStruct.swift */; };
		EACC6EA92B8360CA00537EC2 /* PostListViewController.swift in Sources */ = {isa = PBXBuildFile; fileRef = EACC6EA82B8360CA00537EC2 /* PostListViewController.swift */; };
		EACC6EAB2B836E5B00537EC2 /* PostCell.swift in Sources */ = {isa = PBXBuildFile; fileRef = EACC6EAA2B836E5B00537EC2 /* PostCell.swift */; };
		EAD958AE2BC342210000F5A0 /* CommentList.swift in Sources */ = {isa = PBXBuildFile; fileRef = EAD958AD2BC342210000F5A0 /* CommentList.swift */; };
		EAD958B02BC342420000F5A0 /* CommentCell.swift in Sources */ = {isa = PBXBuildFile; fileRef = EAD958AF2BC342420000F5A0 /* CommentCell.swift */; };
		EAD958B22BC3426D0000F5A0 /* CommentDetails.swift in Sources */ = {isa = PBXBuildFile; fileRef = EAD958B12BC3426D0000F5A0 /* CommentDetails.swift */; };
		EAD958B42BC3429B0000F5A0 /* CommentStruct.swift in Sources */ = {isa = PBXBuildFile; fileRef = EAD958B32BC3429B0000F5A0 /* CommentStruct.swift */; };
		EAD958B62BC342C10000F5A0 /* CommentListModel.swift in Sources */ = {isa = PBXBuildFile; fileRef = EAD958B52BC342C10000F5A0 /* CommentListModel.swift */; };
		EADE18662B8A5CD800D5E105 /* PostButtonsDelegate.swift in Sources */ = {isa = PBXBuildFile; fileRef = EADE18652B8A5CD800D5E105 /* PostButtonsDelegate.swift */; };
		EAE984912B827E35004BB4B5 /* PostView.swift in Sources */ = {isa = PBXBuildFile; fileRef = EAE984902B827E35004BB4B5 /* PostView.swift */; };
		EAE984932B827E7F004BB4B5 /* PostView.xib in Resources */ = {isa = PBXBuildFile; fileRef = EAE984922B827E7F004BB4B5 /* PostView.xib */; };
		EAF4C7052B7911B800D1CFAA /* SDWebImage in Frameworks */ = {isa = PBXBuildFile; productRef = EAF4C7042B7911B800D1CFAA /* SDWebImage */; };
		EAF4C7072B7911B800D1CFAA /* SDWebImageMapKit in Frameworks */ = {isa = PBXBuildFile; productRef = EAF4C7062B7911B800D1CFAA /* SDWebImageMapKit */; };
		EAF4C70D2B7AD68B00D1CFAA /* PostViewController.swift in Sources */ = {isa = PBXBuildFile; fileRef = EAF4C70C2B7AD68B00D1CFAA /* PostViewController.swift */; };
/* End PBXBuildFile section */

/* Begin PBXFileReference section */
		EA203D2B2B763CBC00C077B4 /* RedditApp.app */ = {isa = PBXFileReference; explicitFileType = wrapper.application; includeInIndex = 0; path = RedditApp.app; sourceTree = BUILT_PRODUCTS_DIR; };
		EA203D2E2B763CBC00C077B4 /* AppDelegate.swift */ = {isa = PBXFileReference; lastKnownFileType = sourcecode.swift; path = AppDelegate.swift; sourceTree = "<group>"; };
		EA203D302B763CBC00C077B4 /* SceneDelegate.swift */ = {isa = PBXFileReference; lastKnownFileType = sourcecode.swift; path = SceneDelegate.swift; sourceTree = "<group>"; };
		EA203D322B763CBC00C077B4 /* ViewController.swift */ = {isa = PBXFileReference; lastKnownFileType = sourcecode.swift; path = ViewController.swift; sourceTree = "<group>"; };
		EA203D352B763CBC00C077B4 /* Base */ = {isa = PBXFileReference; lastKnownFileType = file.storyboard; name = Base; path = Base.lproj/Main.storyboard; sourceTree = "<group>"; };
		EA203D372B763CBE00C077B4 /* Assets.xcassets */ = {isa = PBXFileReference; lastKnownFileType = folder.assetcatalog; path = Assets.xcassets; sourceTree = "<group>"; };
		EA203D3A2B763CBE00C077B4 /* Base */ = {isa = PBXFileReference; lastKnownFileType = file.storyboard; name = Base; path = Base.lproj/LaunchScreen.storyboard; sourceTree = "<group>"; };
		EA203D3C2B763CBE00C077B4 /* Info.plist */ = {isa = PBXFileReference; lastKnownFileType = text.plist.xml; path = Info.plist; sourceTree = "<group>"; };
		EA62E5D22B7828F7004AA4F1 /* NetworkRequest.swift */ = {isa = PBXFileReference; lastKnownFileType = sourcecode.swift; path = NetworkRequest.swift; sourceTree = "<group>"; };
		EA62E5D42B782D32004AA4F1 /* PostStruct.swift */ = {isa = PBXFileReference; lastKnownFileType = sourcecode.swift; path = PostStruct.swift; sourceTree = "<group>"; };
		EA63249A2B8D1B0500413AE4 /* CurentPostDelegat.swift */ = {isa = PBXFileReference; lastKnownFileType = sourcecode.swift; path = CurentPostDelegat.swift; sourceTree = "<group>"; };
		EA66D3932B84A32F00BA02F6 /* PostDetailsViewController.swift */ = {isa = PBXFileReference; lastKnownFileType = sourcecode.swift; path = PostDetailsViewController.swift; sourceTree = "<group>"; };
		EA97D2AB2B8A8C2C007D2B3F /* PostManager.swift */ = {isa = PBXFileReference; lastKnownFileType = sourcecode.swift; path = PostManager.swift; sourceTree = "<group>"; };
		EA99275B2BC7D801000211A9 /* Network.swift */ = {isa = PBXFileReference; lastKnownFileType = sourcecode.swift; path = Network.swift; sourceTree = "<group>"; };
		EAB791492B78EC1A00A5CE15 /* APIStruct.swift */ = {isa = PBXFileReference; lastKnownFileType = sourcecode.swift; path = APIStruct.swift; sourceTree = "<group>"; };
		EACC6EA82B8360CA00537EC2 /* PostListViewController.swift */ = {isa = PBXFileReference; lastKnownFileType = sourcecode.swift; path = PostListViewController.swift; sourceTree = "<group>"; };
		EACC6EAA2B836E5B00537EC2 /* PostCell.swift */ = {isa = PBXFileReference; lastKnownFileType = sourcecode.swift; path = PostCell.swift; sourceTree = "<group>"; };
		EAD958AD2BC342210000F5A0 /* CommentList.swift */ = {isa = PBXFileReference; lastKnownFileType = sourcecode.swift; path = CommentList.swift; sourceTree = "<group>"; };
		EAD958AF2BC342420000F5A0 /* CommentCell.swift */ = {isa = PBXFileReference; lastKnownFileType = sourcecode.swift; path = CommentCell.swift; sourceTree = "<group>"; };
		EAD958B12BC3426D0000F5A0 /* CommentDetails.swift */ = {isa = PBXFileReference; lastKnownFileType = sourcecode.swift; path = CommentDetails.swift; sourceTree = "<group>"; };
		EAD958B32BC3429B0000F5A0 /* CommentStruct.swift */ = {isa = PBXFileReference; lastKnownFileType = sourcecode.swift; path = CommentStruct.swift; sourceTree = "<group>"; };
		EAD958B52BC342C10000F5A0 /* CommentListModel.swift */ = {isa = PBXFileReference; lastKnownFileType = sourcecode.swift; path = CommentListModel.swift; sourceTree = "<group>"; };
		EADE18652B8A5CD800D5E105 /* PostButtonsDelegate.swift */ = {isa = PBXFileReference; lastKnownFileType = sourcecode.swift; path = PostButtonsDelegate.swift; sourceTree = "<group>"; };
		EAE984902B827E35004BB4B5 /* PostView.swift */ = {isa = PBXFileReference; lastKnownFileType = sourcecode.swift; path = PostView.swift; sourceTree = "<group>"; };
		EAE984922B827E7F004BB4B5 /* PostView.xib */ = {isa = PBXFileReference; lastKnownFileType = file.xib; path = PostView.xib; sourceTree = "<group>"; };
		EAF4C70C2B7AD68B00D1CFAA /* PostViewController.swift */ = {isa = PBXFileReference; lastKnownFileType = sourcecode.swift; path = PostViewController.swift; sourceTree = "<group>"; };
/* End PBXFileReference section */

/* Begin PBXFrameworksBuildPhase section */
		EA203D282B763CBC00C077B4 /* Frameworks */ = {
			isa = PBXFrameworksBuildPhase;
			buildActionMask = 2147483647;
			files = (
				EAF4C7072B7911B800D1CFAA /* SDWebImageMapKit in Frameworks */,
				EAF4C7052B7911B800D1CFAA /* SDWebImage in Frameworks */,
			);
			runOnlyForDeploymentPostprocessing = 0;
		};
/* End PBXFrameworksBuildPhase section */

/* Begin PBXGroup section */
		EA203D222B763CBC00C077B4 = {
			isa = PBXGroup;
			children = (
				EA203D2D2B763CBC00C077B4 /* RedditApp */,
				EA203D2C2B763CBC00C077B4 /* Products */,
			);
			sourceTree = "<group>";
		};
		EA203D2C2B763CBC00C077B4 /* Products */ = {
			isa = PBXGroup;
			children = (
				EA203D2B2B763CBC00C077B4 /* RedditApp.app */,
			);
			name = Products;
			sourceTree = "<group>";
		};
		EA203D2D2B763CBC00C077B4 /* RedditApp */ = {
			isa = PBXGroup;
			children = (
				EAD958A42BC3337E0000F5A0 /* CommentSwiftUi */,
				EAA354682B8D025E001942B5 /* DelegatProtocol */,
				EAA354672B8D0237001942B5 /* Controller */,
				EA97D2A82B8A8BC2007D2B3F /* FileHelpers */,
				EA62E5D12B7809CE004AA4F1 /* NetworkHelpers */,
				EA203D2E2B763CBC00C077B4 /* AppDelegate.swift */,
				EA203D302B763CBC00C077B4 /* SceneDelegate.swift */,
				EA203D342B763CBC00C077B4 /* Main.storyboard */,
				EA203D372B763CBE00C077B4 /* Assets.xcassets */,
				EA203D392B763CBE00C077B4 /* LaunchScreen.storyboard */,
				EA203D3C2B763CBE00C077B4 /* Info.plist */,
				EAE984902B827E35004BB4B5 /* PostView.swift */,
				EAE984922B827E7F004BB4B5 /* PostView.xib */,
				EACC6EAA2B836E5B00537EC2 /* PostCell.swift */,
			);
			path = RedditApp;
			sourceTree = "<group>";
		};
		EA62E5D12B7809CE004AA4F1 /* NetworkHelpers */ = {
			isa = PBXGroup;
			children = (
				EA62E5D22B7828F7004AA4F1 /* NetworkRequest.swift */,
				EA62E5D42B782D32004AA4F1 /* PostStruct.swift */,
				EAB791492B78EC1A00A5CE15 /* APIStruct.swift */,
				EA99275B2BC7D801000211A9 /* Network.swift */,
			);
			path = NetworkHelpers;
			sourceTree = "<group>";
		};
		EA97D2A82B8A8BC2007D2B3F /* FileHelpers */ = {
			isa = PBXGroup;
			children = (
				EA97D2AB2B8A8C2C007D2B3F /* PostManager.swift */,
			);
			path = FileHelpers;
			sourceTree = "<group>";
		};
		EAA354672B8D0237001942B5 /* Controller */ = {
			isa = PBXGroup;
			children = (
				EACC6EA82B8360CA00537EC2 /* PostListViewController.swift */,
				EA203D322B763CBC00C077B4 /* ViewController.swift */,
				EAF4C70C2B7AD68B00D1CFAA /* PostViewController.swift */,
				EA66D3932B84A32F00BA02F6 /* PostDetailsViewController.swift */,
			);
			path = Controller;
			sourceTree = "<group>";
		};
		EAA354682B8D025E001942B5 /* DelegatProtocol */ = {
			isa = PBXGroup;
			children = (
				EADE18652B8A5CD800D5E105 /* PostButtonsDelegate.swift */,
				EA63249A2B8D1B0500413AE4 /* CurentPostDelegat.swift */,
			);
			path = DelegatProtocol;
			sourceTree = "<group>";
		};
		EAD958A42BC3337E0000F5A0 /* CommentSwiftUi */ = {
			isa = PBXGroup;
			children = (
				EAD958AC2BC341BE0000F5A0 /* Model */,
				EAD958AB2BC341AF0000F5A0 /* View */,
			);
			path = CommentSwiftUi;
			sourceTree = "<group>";
		};
		EAD958AB2BC341AF0000F5A0 /* View */ = {
			isa = PBXGroup;
			children = (
				EAD958AD2BC342210000F5A0 /* CommentList.swift */,
				EAD958AF2BC342420000F5A0 /* CommentCell.swift */,
				EAD958B12BC3426D0000F5A0 /* CommentDetails.swift */,
			);
			path = View;
			sourceTree = "<group>";
		};
		EAD958AC2BC341BE0000F5A0 /* Model */ = {
			isa = PBXGroup;
			children = (
				EAD958B32BC3429B0000F5A0 /* CommentStruct.swift */,
				EAD958B52BC342C10000F5A0 /* CommentListModel.swift */,
			);
			path = Model;
			sourceTree = "<group>";
		};
/* End PBXGroup section */

/* Begin PBXNativeTarget section */
		EA203D2A2B763CBC00C077B4 /* RedditApp */ = {
			isa = PBXNativeTarget;
			buildConfigurationList = EA203D3F2B763CBE00C077B4 /* Build configuration list for PBXNativeTarget "RedditApp" */;
			buildPhases = (
				EA203D272B763CBC00C077B4 /* Sources */,
				EA203D282B763CBC00C077B4 /* Frameworks */,
				EA203D292B763CBC00C077B4 /* Resources */,
			);
			buildRules = (
			);
			dependencies = (
			);
			name = RedditApp;
			packageProductDependencies = (
				EAF4C7042B7911B800D1CFAA /* SDWebImage */,
				EAF4C7062B7911B800D1CFAA /* SDWebImageMapKit */,
			);
			productName = RedditApp;
			productReference = EA203D2B2B763CBC00C077B4 /* RedditApp.app */;
			productType = "com.apple.product-type.application";
		};
/* End PBXNativeTarget section */

/* Begin PBXProject section */
		EA203D232B763CBC00C077B4 /* Project object */ = {
			isa = PBXProject;
			attributes = {
				BuildIndependentTargetsInParallel = 1;
				LastSwiftUpdateCheck = 1520;
				LastUpgradeCheck = 1520;
				TargetAttributes = {
					EA203D2A2B763CBC00C077B4 = {
						CreatedOnToolsVersion = 15.2;
					};
				};
			};
			buildConfigurationList = EA203D262B763CBC00C077B4 /* Build configuration list for PBXProject "RedditApp" */;
			compatibilityVersion = "Xcode 14.0";
			developmentRegion = en;
			hasScannedForEncodings = 0;
			knownRegions = (
				en,
				Base,
			);
			mainGroup = EA203D222B763CBC00C077B4;
			packageReferences = (
				EAF4C7032B7911B800D1CFAA /* XCRemoteSwiftPackageReference "SDWebImage" */,
			);
			productRefGroup = EA203D2C2B763CBC00C077B4 /* Products */;
			projectDirPath = "";
			projectRoot = "";
			targets = (
				EA203D2A2B763CBC00C077B4 /* RedditApp */,
			);
		};
/* End PBXProject section */

/* Begin PBXResourcesBuildPhase section */
		EA203D292B763CBC00C077B4 /* Resources */ = {
			isa = PBXResourcesBuildPhase;
			buildActionMask = 2147483647;
			files = (
				EA203D3B2B763CBE00C077B4 /* LaunchScreen.storyboard in Resources */,
				EA203D382B763CBE00C077B4 /* Assets.xcassets in Resources */,
				EAE984932B827E7F004BB4B5 /* PostView.xib in Resources */,
				EA203D362B763CBC00C077B4 /* Main.storyboard in Resources */,
			);
			runOnlyForDeploymentPostprocessing = 0;
		};
/* End PBXResourcesBuildPhase section */

/* Begin PBXSourcesBuildPhase section */
		EA203D272B763CBC00C077B4 /* Sources */ = {
			isa = PBXSourcesBuildPhase;
			buildActionMask = 2147483647;
			files = (
				EA203D332B763CBC00C077B4 /* ViewController.swift in Sources */,
				EA97D2AC2B8A8C2C007D2B3F /* PostManager.swift in Sources */,
				EA63249B2B8D1B0500413AE4 /* CurentPostDelegat.swift in Sources */,
				EA203D2F2B763CBC00C077B4 /* AppDelegate.swift in Sources */,
				EAE984912B827E35004BB4B5 /* PostView.swift in Sources */,
				EAF4C70D2B7AD68B00D1CFAA /* PostViewController.swift in Sources */,
				EA62E5D32B7828F7004AA4F1 /* NetworkRequest.swift in Sources */,
				EACC6EA92B8360CA00537EC2 /* PostListViewController.swift in Sources */,
				EADE18662B8A5CD800D5E105 /* PostButtonsDelegate.swift in Sources */,
				EAB7914A2B78EC1A00A5CE15 /* APIStruct.swift in Sources */,
				EA99275C2BC7D801000211A9 /* Network.swift in Sources */,
				EA203D312B763CBC00C077B4 /* SceneDelegate.swift in Sources */,
				EA62E5D52B782D32004AA4F1 /* PostStruct.swift in Sources */,
				EAD958B22BC3426D0000F5A0 /* CommentDetails.swift in Sources */,
				EAD958B62BC342C10000F5A0 /* CommentListModel.swift in Sources */,
				EACC6EAB2B836E5B00537EC2 /* PostCell.swift in Sources */,
				EA66D3942B84A32F00BA02F6 /* PostDetailsViewController.swift in Sources */,
				EAD958AE2BC342210000F5A0 /* CommentList.swift in Sources */,
				EAD958B42BC3429B0000F5A0 /* CommentStruct.swift in Sources */,
				EAD958B02BC342420000F5A0 /* CommentCell.swift in Sources */,
			);
			runOnlyForDeploymentPostprocessing = 0;
		};
/* End PBXSourcesBuildPhase section */

/* Begin PBXVariantGroup section */
		EA203D342B763CBC00C077B4 /* Main.storyboard */ = {
			isa = PBXVariantGroup;
			children = (
				EA203D352B763CBC00C077B4 /* Base */,
			);
			name = Main.storyboard;
			sourceTree = "<group>";
		};
		EA203D392B763CBE00C077B4 /* LaunchScreen.storyboard */ = {
			isa = PBXVariantGroup;
			children = (
				EA203D3A2B763CBE00C077B4 /* Base */,
			);
			name = LaunchScreen.storyboard;
			sourceTree = "<group>";
		};
/* End PBXVariantGroup section */

/* Begin XCBuildConfiguration section */
		EA203D3D2B763CBE00C077B4 /* Debug */ = {
			isa = XCBuildConfiguration;
			buildSettings = {
				ALWAYS_SEARCH_USER_PATHS = NO;
				ASSETCATALOG_COMPILER_GENERATE_SWIFT_ASSET_SYMBOL_EXTENSIONS = YES;
				CLANG_ANALYZER_NONNULL = YES;
				CLANG_ANALYZER_NUMBER_OBJECT_CONVERSION = YES_AGGRESSIVE;
				CLANG_CXX_LANGUAGE_STANDARD = "gnu++20";
				CLANG_ENABLE_MODULES = YES;
				CLANG_ENABLE_OBJC_ARC = YES;
				CLANG_ENABLE_OBJC_WEAK = YES;
				CLANG_WARN_BLOCK_CAPTURE_AUTORELEASING = YES;
				CLANG_WARN_BOOL_CONVERSION = YES;
				CLANG_WARN_COMMA = YES;
				CLANG_WARN_CONSTANT_CONVERSION = YES;
				CLANG_WARN_DEPRECATED_OBJC_IMPLEMENTATIONS = YES;
				CLANG_WARN_DIRECT_OBJC_ISA_USAGE = YES_ERROR;
				CLANG_WARN_DOCUMENTATION_COMMENTS = YES;
				CLANG_WARN_EMPTY_BODY = YES;
				CLANG_WARN_ENUM_CONVERSION = YES;
				CLANG_WARN_INFINITE_RECURSION = YES;
				CLANG_WARN_INT_CONVERSION = YES;
				CLANG_WARN_NON_LITERAL_NULL_CONVERSION = YES;
				CLANG_WARN_OBJC_IMPLICIT_RETAIN_SELF = YES;
				CLANG_WARN_OBJC_LITERAL_CONVERSION = YES;
				CLANG_WARN_OBJC_ROOT_CLASS = YES_ERROR;
				CLANG_WARN_QUOTED_INCLUDE_IN_FRAMEWORK_HEADER = YES;
				CLANG_WARN_RANGE_LOOP_ANALYSIS = YES;
				CLANG_WARN_STRICT_PROTOTYPES = YES;
				CLANG_WARN_SUSPICIOUS_MOVE = YES;
				CLANG_WARN_UNGUARDED_AVAILABILITY = YES_AGGRESSIVE;
				CLANG_WARN_UNREACHABLE_CODE = YES;
				CLANG_WARN__DUPLICATE_METHOD_MATCH = YES;
				COPY_PHASE_STRIP = NO;
				DEBUG_INFORMATION_FORMAT = dwarf;
				ENABLE_STRICT_OBJC_MSGSEND = YES;
				ENABLE_TESTABILITY = YES;
				ENABLE_USER_SCRIPT_SANDBOXING = YES;
				GCC_C_LANGUAGE_STANDARD = gnu17;
				GCC_DYNAMIC_NO_PIC = NO;
				GCC_NO_COMMON_BLOCKS = YES;
				GCC_OPTIMIZATION_LEVEL = 0;
				GCC_PREPROCESSOR_DEFINITIONS = (
					"DEBUG=1",
					"$(inherited)",
				);
				GCC_WARN_64_TO_32_BIT_CONVERSION = YES;
				GCC_WARN_ABOUT_RETURN_TYPE = YES_ERROR;
				GCC_WARN_UNDECLARED_SELECTOR = YES;
				GCC_WARN_UNINITIALIZED_AUTOS = YES_AGGRESSIVE;
				GCC_WARN_UNUSED_FUNCTION = YES;
				GCC_WARN_UNUSED_VARIABLE = YES;
				IPHONEOS_DEPLOYMENT_TARGET = 17.2;
				LOCALIZATION_PREFERS_STRING_CATALOGS = YES;
				MTL_ENABLE_DEBUG_INFO = INCLUDE_SOURCE;
				MTL_FAST_MATH = YES;
				ONLY_ACTIVE_ARCH = YES;
				SDKROOT = iphoneos;
				SWIFT_ACTIVE_COMPILATION_CONDITIONS = "DEBUG $(inherited)";
				SWIFT_OPTIMIZATION_LEVEL = "-Onone";
			};
			name = Debug;
		};
		EA203D3E2B763CBE00C077B4 /* Release */ = {
			isa = XCBuildConfiguration;
			buildSettings = {
				ALWAYS_SEARCH_USER_PATHS = NO;
				ASSETCATALOG_COMPILER_GENERATE_SWIFT_ASSET_SYMBOL_EXTENSIONS = YES;
				CLANG_ANALYZER_NONNULL = YES;
				CLANG_ANALYZER_NUMBER_OBJECT_CONVERSION = YES_AGGRESSIVE;
				CLANG_CXX_LANGUAGE_STANDARD = "gnu++20";
				CLANG_ENABLE_MODULES = YES;
				CLANG_ENABLE_OBJC_ARC = YES;
				CLANG_ENABLE_OBJC_WEAK = YES;
				CLANG_WARN_BLOCK_CAPTURE_AUTORELEASING = YES;
				CLANG_WARN_BOOL_CONVERSION = YES;
				CLANG_WARN_COMMA = YES;
				CLANG_WARN_CONSTANT_CONVERSION = YES;
				CLANG_WARN_DEPRECATED_OBJC_IMPLEMENTATIONS = YES;
				CLANG_WARN_DIRECT_OBJC_ISA_USAGE = YES_ERROR;
				CLANG_WARN_DOCUMENTATION_COMMENTS = YES;
				CLANG_WARN_EMPTY_BODY = YES;
				CLANG_WARN_ENUM_CONVERSION = YES;
				CLANG_WARN_INFINITE_RECURSION = YES;
				CLANG_WARN_INT_CONVERSION = YES;
				CLANG_WARN_NON_LITERAL_NULL_CONVERSION = YES;
				CLANG_WARN_OBJC_IMPLICIT_RETAIN_SELF = YES;
				CLANG_WARN_OBJC_LITERAL_CONVERSION = YES;
				CLANG_WARN_OBJC_ROOT_CLASS = YES_ERROR;
				CLANG_WARN_QUOTED_INCLUDE_IN_FRAMEWORK_HEADER = YES;
				CLANG_WARN_RANGE_LOOP_ANALYSIS = YES;
				CLANG_WARN_STRICT_PROTOTYPES = YES;
				CLANG_WARN_SUSPICIOUS_MOVE = YES;
				CLANG_WARN_UNGUARDED_AVAILABILITY = YES_AGGRESSIVE;
				CLANG_WARN_UNREACHABLE_CODE = YES;
				CLANG_WARN__DUPLICATE_METHOD_MATCH = YES;
				COPY_PHASE_STRIP = NO;
				DEBUG_INFORMATION_FORMAT = "dwarf-with-dsym";
				ENABLE_NS_ASSERTIONS = NO;
				ENABLE_STRICT_OBJC_MSGSEND = YES;
				ENABLE_USER_SCRIPT_SANDBOXING = YES;
				GCC_C_LANGUAGE_STANDARD = gnu17;
				GCC_NO_COMMON_BLOCKS = YES;
				GCC_WARN_64_TO_32_BIT_CONVERSION = YES;
				GCC_WARN_ABOUT_RETURN_TYPE = YES_ERROR;
				GCC_WARN_UNDECLARED_SELECTOR = YES;
				GCC_WARN_UNINITIALIZED_AUTOS = YES_AGGRESSIVE;
				GCC_WARN_UNUSED_FUNCTION = YES;
				GCC_WARN_UNUSED_VARIABLE = YES;
				IPHONEOS_DEPLOYMENT_TARGET = 17.2;
				LOCALIZATION_PREFERS_STRING_CATALOGS = YES;
				MTL_ENABLE_DEBUG_INFO = NO;
				MTL_FAST_MATH = YES;
				SDKROOT = iphoneos;
				SWIFT_COMPILATION_MODE = wholemodule;
				VALIDATE_PRODUCT = YES;
			};
			name = Release;
		};
		EA203D402B763CBE00C077B4 /* Debug */ = {
			isa = XCBuildConfiguration;
			buildSettings = {
				ASSETCATALOG_COMPILER_APPICON_NAME = AppIcon;
				ASSETCATALOG_COMPILER_GLOBAL_ACCENT_COLOR_NAME = AccentColor;
				CODE_SIGN_STYLE = Automatic;
				CURRENT_PROJECT_VERSION = 1;
				DEVELOPMENT_TEAM = VNU8KKW4GG;
				GENERATE_INFOPLIST_FILE = YES;
				INFOPLIST_FILE = RedditApp/Info.plist;
				INFOPLIST_KEY_UIApplicationSupportsIndirectInputEvents = YES;
				INFOPLIST_KEY_UILaunchStoryboardName = LaunchScreen;
				INFOPLIST_KEY_UIMainStoryboardFile = Main;
				INFOPLIST_KEY_UISupportedInterfaceOrientations_iPad = "UIInterfaceOrientationPortrait UIInterfaceOrientationPortraitUpsideDown UIInterfaceOrientationLandscapeLeft UIInterfaceOrientationLandscapeRight";
				INFOPLIST_KEY_UISupportedInterfaceOrientations_iPhone = "UIInterfaceOrientationPortrait UIInterfaceOrientationLandscapeLeft UIInterfaceOrientationLandscapeRight";
				LD_RUNPATH_SEARCH_PATHS = (
					"$(inherited)",
					"@executable_path/Frameworks",
				);
				MARKETING_VERSION = 1.0;
				PRODUCT_BUNDLE_IDENTIFIER = ua.edu.ukma.marchenko.RedditApp;
				PRODUCT_NAME = "$(TARGET_NAME)";
				SUPPORTED_PLATFORMS = "iphoneos iphonesimulator";
				SUPPORTS_MACCATALYST = NO;
				SUPPORTS_MAC_DESIGNED_FOR_IPHONE_IPAD = NO;
				SUPPORTS_XR_DESIGNED_FOR_IPHONE_IPAD = NO;
				SWIFT_EMIT_LOC_STRINGS = YES;
				SWIFT_VERSION = 5.0;
				TARGETED_DEVICE_FAMILY = 1;
			};
			name = Debug;
		};
		EA203D412B763CBE00C077B4 /* Release */ = {
			isa = XCBuildConfiguration;
			buildSettings = {
				ASSETCATALOG_COMPILER_APPICON_NAME = AppIcon;
				ASSETCATALOG_COMPILER_GLOBAL_ACCENT_COLOR_NAME = AccentColor;
				CODE_SIGN_STYLE = Automatic;
				CURRENT_PROJECT_VERSION = 1;
				DEVELOPMENT_TEAM = VNU8KKW4GG;
				GENERATE_INFOPLIST_FILE = YES;
				INFOPLIST_FILE = RedditApp/Info.plist;
				INFOPLIST_KEY_UIApplicationSupportsIndirectInputEvents = YES;
				INFOPLIST_KEY_UILaunchStoryboardName = LaunchScreen;
				INFOPLIST_KEY_UIMainStoryboardFile = Main;
				INFOPLIST_KEY_UISupportedInterfaceOrientations_iPad = "UIInterfaceOrientationPortrait UIInterfaceOrientationPortraitUpsideDown UIInterfaceOrientationLandscapeLeft UIInterfaceOrientationLandscapeRight";
				INFOPLIST_KEY_UISupportedInterfaceOrientations_iPhone = "UIInterfaceOrientationPortrait UIInterfaceOrientationLandscapeLeft UIInterfaceOrientationLandscapeRight";
				LD_RUNPATH_SEARCH_PATHS = (
					"$(inherited)",
					"@executable_path/Frameworks",
				);
				MARKETING_VERSION = 1.0;
				PRODUCT_BUNDLE_IDENTIFIER = ua.edu.ukma.marchenko.RedditApp;
				PRODUCT_NAME = "$(TARGET_NAME)";
				SUPPORTED_PLATFORMS = "iphoneos iphonesimulator";
				SUPPORTS_MACCATALYST = NO;
				SUPPORTS_MAC_DESIGNED_FOR_IPHONE_IPAD = NO;
				SUPPORTS_XR_DESIGNED_FOR_IPHONE_IPAD = NO;
				SWIFT_EMIT_LOC_STRINGS = YES;
				SWIFT_VERSION = 5.0;
				TARGETED_DEVICE_FAMILY = 1;
			};
			name = Release;
		};
/* End XCBuildConfiguration section */

/* Begin XCConfigurationList section */
		EA203D262B763CBC00C077B4 /* Build configuration list for PBXProject "RedditApp" */ = {
			isa = XCConfigurationList;
			buildConfigurations = (
				EA203D3D2B763CBE00C077B4 /* Debug */,
				EA203D3E2B763CBE00C077B4 /* Release */,
			);
			defaultConfigurationIsVisible = 0;
			defaultConfigurationName = Release;
		};
		EA203D3F2B763CBE00C077B4 /* Build configuration list for PBXNativeTarget "RedditApp" */ = {
			isa = XCConfigurationList;
			buildConfigurations = (
				EA203D402B763CBE00C077B4 /* Debug */,
				EA203D412B763CBE00C077B4 /* Release */,
			);
			defaultConfigurationIsVisible = 0;
			defaultConfigurationName = Release;
		};
/* End XCConfigurationList section */

/* Begin XCRemoteSwiftPackageReference section */
		EAF4C7032B7911B800D1CFAA /* XCRemoteSwiftPackageReference "SDWebImage" */ = {
			isa = XCRemoteSwiftPackageReference;
			repositoryURL = "https://github.com/SDWebImage/SDWebImage";
			requirement = {
				kind = upToNextMajorVersion;
				minimumVersion = 5.18.10;
			};
		};
/* End XCRemoteSwiftPackageReference section */

/* Begin XCSwiftPackageProductDependency section */
		EAF4C7042B7911B800D1CFAA /* SDWebImage */ = {
			isa = XCSwiftPackageProductDependency;
			package = EAF4C7032B7911B800D1CFAA /* XCRemoteSwiftPackageReference "SDWebImage" */;
			productName = SDWebImage;
		};
		EAF4C7062B7911B800D1CFAA /* SDWebImageMapKit */ = {
			isa = XCSwiftPackageProductDependency;
			package = EAF4C7032B7911B800D1CFAA /* XCRemoteSwiftPackageReference "SDWebImage" */;
			productName = SDWebImageMapKit;
		};
/* End XCSwiftPackageProductDependency section */
	};
	rootObject = EA203D232B763CBC00C077B4 /* Project object */;
}
